
Microsoft Visual Studio Solution File, Format Version 12.00
# Visual Studio Version 17
VisualStudioVersion = 17.1.32319.34
MinimumVisualStudioVersion = 10.0.40219.1
Project("{9A19103F-16F7-4668-BE54-9A1E7A4F7556}") = "PRN211_3W_SUMMER_REPO", "PRN211_3W_SUMMER_REPO\PRN211_3W_SUMMER_REPO.csproj", "{478101F4-378E-4754-9528-49CDAF3702AD}"
EndProject
Project("{9A19103F-16F7-4668-BE54-9A1E7A4F7556}") = "PRN_3W_OOP", "PRN_3W_OOP\PRN_3W_OOP.csproj", "{AD58F140-AB8C-44CF-B633-263CDF5C7CFB}"
EndProject
Project("{9A19103F-16F7-4668-BE54-9A1E7A4F7556}") = "PRN_3W_OOP_PRACTICE", "PRN_3W_OOP_PRACTICE\PRN_3W_OOP_PRACTICE.csproj", "{2C610F1C-B39E-47D5-8F63-F766A8EFEDAC}"
EndProject
Project("{9A19103F-16F7-4668-BE54-9A1E7A4F7556}") = "PRN_3W_OOP_GENERIC_COLLECTION", "PRN_3W_OOP_GENERIC_COLLECTION\PRN_3W_OOP_GENERIC_COLLECTION.csproj", "{D2416BB0-796F-4941-A81D-71C248059C19}"
EndProject
Project("{9A19103F-16F7-4668-BE54-9A1E7A4F7556}") = "WinFormsApp", "WinFormsApp\WinFormsApp.csproj", "{7A412CE8-6987-46F6-ACE9-9F7037B76D27}"
EndProject
Project("{9A19103F-16F7-4668-BE54-9A1E7A4F7556}") = "DataAccess", "DataAccess\DataAccess.csproj", "{44579DBF-AAF6-44AC-AFAF-7D487161C81B}"
EndProject
Project("{9A19103F-16F7-4668-BE54-9A1E7A4F7556}") = "AutomobileLibrary", "AutomobileLibrary\AutomobileLibrary.csproj", "{DF1406F2-5FA0-49FC-8C5A-6F8928E214F5}"
EndProject
Project("{9A19103F-16F7-4668-BE54-9A1E7A4F7556}") = "AutomobileWinFormsApp", "AutomobileWinFormsApp\AutomobileWinFormsApp.csproj", "{C8487A3C-F72E-4AA2-AE7E-7F6888690B0E}"
EndProject
Project("{FAE04EC0-301F-11D3-BF4B-00C04F79EFBC}") = "DataContextEFCLibrary", "DataContextEFCLibrary\DataContextEFCLibrary.csproj", "{51142073-0AF2-45AB-9C41-F030DD87DF37}"
EndProject
Global
	GlobalSection(SolutionConfigurationPlatforms) = preSolution
		Debug|Any CPU = Debug|Any CPU
		Release|Any CPU = Release|Any CPU
	EndGlobalSection
	GlobalSection(ProjectConfigurationPlatforms) = postSolution
		{478101F4-378E-4754-9528-49CDAF3702AD}.Debug|Any CPU.ActiveCfg = Debug|Any CPU
		{478101F4-378E-4754-9528-49CDAF3702AD}.Debug|Any CPU.Build.0 = Debug|Any CPU
		{478101F4-378E-4754-9528-49CDAF3702AD}.Release|Any CPU.ActiveCfg = Release|Any CPU
		{478101F4-378E-4754-9528-49CDAF3702AD}.Release|Any CPU.Build.0 = Release|Any CPU
		{AD58F140-AB8C-44CF-B633-263CDF5C7CFB}.Debug|Any CPU.ActiveCfg = Debug|Any CPU
		{AD58F140-AB8C-44CF-B633-263CDF5C7CFB}.Debug|Any CPU.Build.0 = Debug|Any CPU
		{AD58F140-AB8C-44CF-B633-263CDF5C7CFB}.Release|Any CPU.ActiveCfg = Release|Any CPU
		{AD58F140-AB8C-44CF-B633-263CDF5C7CFB}.Release|Any CPU.Build.0 = Release|Any CPU
		{2C610F1C-B39E-47D5-8F63-F766A8EFEDAC}.Debug|Any CPU.ActiveCfg = Debug|Any CPU
		{2C610F1C-B39E-47D5-8F63-F766A8EFEDAC}.Debug|Any CPU.Build.0 = Debug|Any CPU
		{2C610F1C-B39E-47D5-8F63-F766A8EFEDAC}.Release|Any CPU.ActiveCfg = Release|Any CPU
		{2C610F1C-B39E-47D5-8F63-F766A8EFEDAC}.Release|Any CPU.Build.0 = Release|Any CPU
		{D2416BB0-796F-4941-A81D-71C248059C19}.Debug|Any CPU.ActiveCfg = Debug|Any CPU
		{D2416BB0-796F-4941-A81D-71C248059C19}.Debug|Any CPU.Build.0 = Debug|Any CPU
		{D2416BB0-796F-4941-A81D-71C248059C19}.Release|Any CPU.ActiveCfg = Release|Any CPU
		{D2416BB0-796F-4941-A81D-71C248059C19}.Release|Any CPU.Build.0 = Release|Any CPU
		{7A412CE8-6987-46F6-ACE9-9F7037B76D27}.Debug|Any CPU.ActiveCfg = Debug|Any CPU
		{7A412CE8-6987-46F6-ACE9-9F7037B76D27}.Debug|Any CPU.Build.0 = Debug|Any CPU
		{7A412CE8-6987-46F6-ACE9-9F7037B76D27}.Release|Any CPU.ActiveCfg = Release|Any CPU
		{7A412CE8-6987-46F6-ACE9-9F7037B76D27}.Release|Any CPU.Build.0 = Release|Any CPU
		{44579DBF-AAF6-44AC-AFAF-7D487161C81B}.Debug|Any CPU.ActiveCfg = Debug|Any CPU
		{44579DBF-AAF6-44AC-AFAF-7D487161C81B}.Debug|Any CPU.Build.0 = Debug|Any CPU
		{44579DBF-AAF6-44AC-AFAF-7D487161C81B}.Release|Any CPU.ActiveCfg = Release|Any CPU
		{44579DBF-AAF6-44AC-AFAF-7D487161C81B}.Release|Any CPU.Build.0 = Release|Any CPU
		{DF1406F2-5FA0-49FC-8C5A-6F8928E214F5}.Debug|Any CPU.ActiveCfg = Debug|Any CPU
		{DF1406F2-5FA0-49FC-8C5A-6F8928E214F5}.Debug|Any CPU.Build.0 = Debug|Any CPU
		{DF1406F2-5FA0-49FC-8C5A-6F8928E214F5}.Release|Any CPU.ActiveCfg = Release|Any CPU
		{DF1406F2-5FA0-49FC-8C5A-6F8928E214F5}.Release|Any CPU.Build.0 = Release|Any CPU
		{C8487A3C-F72E-4AA2-AE7E-7F6888690B0E}.Debug|Any CPU.ActiveCfg = Debug|Any CPU
		{C8487A3C-F72E-4AA2-AE7E-7F6888690B0E}.Debug|Any CPU.Build.0 = Debug|Any CPU
		{C8487A3C-F72E-4AA2-AE7E-7F6888690B0E}.Release|Any CPU.ActiveCfg = Release|Any CPU
		{C8487A3C-F72E-4AA2-AE7E-7F6888690B0E}.Release|Any CPU.Build.0 = Release|Any CPU
		{51142073-0AF2-45AB-9C41-F030DD87DF37}.Debug|Any CPU.ActiveCfg = Debug|Any CPU
		{51142073-0AF2-45AB-9C41-F030DD87DF37}.Debug|Any CPU.Build.0 = Debug|Any CPU
		{51142073-0AF2-45AB-9C41-F030DD87DF37}.Release|Any CPU.ActiveCfg = Release|Any CPU
		{51142073-0AF2-45AB-9C41-F030DD87DF37}.Release|Any CPU.Build.0 = Release|Any CPU
	EndGlobalSection
	GlobalSection(SolutionProperties) = preSolution
		HideSolutionNode = FALSE
	EndGlobalSection
	GlobalSection(ExtensibilityGlobals) = postSolution
		SolutionGuid = {331FA67C-1C36-4797-B2A4-A1CD2FEBB4B5}
	EndGlobalSection
EndGlobal
